
Microsoft Visual Studio Solution File, Format Version 12.00
# Visual Studio Version 17
VisualStudioVersion = 17.5.33414.496
MinimumVisualStudioVersion = 10.0.40219.1
Project("{8BC9CEB8-8B4A-11D0-8D11-00A0C91BC942}") = "IDA_HomeWork_DEFAULT", "IDA_HomeWork_DEFAULT\IDA_HomeWork_DEFAULT.vcxproj", "{02B20653-52E7-477D-AD01-8310C7D4575E}"
EndProject
Global
	GlobalSection(SolutionConfigurationPlatforms) = preSolution
		Debug|x64 = Debug|x64
		Debug|x86 = Debug|x86
		Release|x64 = Release|x64
		Release|x86 = Release|x86
	EndGlobalSection
	GlobalSection(ProjectConfigurationPlatforms) = postSolution
		{02B20653-52E7-477D-AD01-8310C7D4575E}.Debug|x64.ActiveCfg = Debug|x64
		{02B20653-52E7-477D-AD01-8310C7D4575E}.Debug|x64.Build.0 = Debug|x64
		{02B20653-52E7-477D-AD01-8310C7D4575E}.Debug|x86.ActiveCfg = Debug|Win32
		{02B20653-52E7-477D-AD01-8310C7D4575E}.Debug|x86.Build.0 = Debug|Win32
		{02B20653-52E7-477D-AD01-8310C7D4575E}.Release|x64.ActiveCfg = Release|x64
		{02B20653-52E7-477D-AD01-8310C7D4575E}.Release|x64.Build.0 = Release|x64
		{02B20653-52E7-477D-AD01-8310C7D4575E}.Release|x86.ActiveCfg = Release|Win32
		{02B20653-52E7-477D-AD01-8310C7D4575E}.Release|x86.Build.0 = Release|Win32
	EndGlobalSection
	GlobalSection(SolutionProperties) = preSolution
		HideSolutionNode = FALSE
	EndGlobalSection
	GlobalSection(ExtensibilityGlobals) = postSolution
		SolutionGuid = {3279F0C7-5597-417C-B243-ED0DE102DE27}
	EndGlobalSection
EndGlobal
